
Microsoft Visual Studio Solution File, Format Version 12.00
# Visual Studio Version 17
VisualStudioVersion = 17.5.33424.131
MinimumVisualStudioVersion = 10.0.40219.1
Project("{FAE04EC0-301F-11D3-BF4B-00C04F79EFBC}") = "ChallengeApp", "ChallengeApp\ChallengeApp.csproj", "{65A8F7C7-66DE-4942-BDA6-2B23FA765280}"
EndProject
Global
	GlobalSection(SolutionConfigurationPlatforms) = preSolution
		Debug|Any CPU = Debug|Any CPU
		Release|Any CPU = Release|Any CPU
	EndGlobalSection
	GlobalSection(ProjectConfigurationPlatforms) = postSolution
		{65A8F7C7-66DE-4942-BDA6-2B23FA765280}.Debug|Any CPU.ActiveCfg = Debug|Any CPU
		{65A8F7C7-66DE-4942-BDA6-2B23FA765280}.Debug|Any CPU.Build.0 = Debug|Any CPU
		{65A8F7C7-66DE-4942-BDA6-2B23FA765280}.Release|Any CPU.ActiveCfg = Release|Any CPU
		{65A8F7C7-66DE-4942-BDA6-2B23FA765280}.Release|Any CPU.Build.0 = Release|Any CPU
	EndGlobalSection
	GlobalSection(SolutionProperties) = preSolution
		HideSolutionNode = FALSE
	EndGlobalSection
	GlobalSection(ExtensibilityGlobals) = postSolution
		SolutionGuid = {3F4C5341-C8F7-434F-B2E9-4BAB1345ABCB}
	EndGlobalSection
EndGlobal
